
Microsoft Visual Studio Solution File, Format Version 12.00
# Visual Studio Version 17
VisualStudioVersion = 17.9.34728.123
MinimumVisualStudioVersion = 10.0.40219.1
Project("{FAE04EC0-301F-11D3-BF4B-00C04F79EFBC}") = "WebApplication1", "WebApplication1.csproj", "{DF7BFAFC-E003-4348-A836-3A5BCB16DE92}"
EndProject
Global
	GlobalSection(SolutionConfigurationPlatforms) = preSolution
		Debug|Any CPU = Debug|Any CPU
		Release|Any CPU = Release|Any CPU
	EndGlobalSection
	GlobalSection(ProjectConfigurationPlatforms) = postSolution
		{DF7BFAFC-E003-4348-A836-3A5BCB16DE92}.Debug|Any CPU.ActiveCfg = Debug|Any CPU
		{DF7BFAFC-E003-4348-A836-3A5BCB16DE92}.Debug|Any CPU.Build.0 = Debug|Any CPU
		{DF7BFAFC-E003-4348-A836-3A5BCB16DE92}.Release|Any CPU.ActiveCfg = Release|Any CPU
		{DF7BFAFC-E003-4348-A836-3A5BCB16DE92}.Release|Any CPU.Build.0 = Release|Any CPU
	EndGlobalSection
	GlobalSection(SolutionProperties) = preSolution
		HideSolutionNode = FALSE
	EndGlobalSection
	GlobalSection(ExtensibilityGlobals) = postSolution
		SolutionGuid = {3E66FAEE-C3B2-4620-8AD2-7625D59E0C8F}
	EndGlobalSection
EndGlobal
